
Microsoft Visual Studio Solution File, Format Version 12.00
# Visual Studio 14
VisualStudioVersion = 14.0.25420.1
MinimumVisualStudioVersion = 10.0.40219.1
Project("{8BC9CEB8-8B4A-11D0-8D11-00A0C91BC942}") = "exp", "exp\exp.vcxproj", "{A782E57F-E3ED-4F07-9942-26D40802FB2A}"
EndProject
Project("{8BC9CEB8-8B4A-11D0-8D11-00A0C91BC942}") = "Shell", "Shell\Shell.vcxproj", "{7C8174CA-376C-42CB-BA31-317064DF6281}"
EndProject
Project("{8BC9CEB8-8B4A-11D0-8D11-00A0C91BC942}") = "Payload", "Payload\Payload.vcxproj", "{872CD1CB-A747-4AB8-B5C8-A22341D3F1E9}"
EndProject
Global
	GlobalSection(SolutionConfigurationPlatforms) = preSolution
		Debug|x64 = Debug|x64
		Debug|x86 = Debug|x86
		Release|x64 = Release|x64
		Release|x86 = Release|x86
	EndGlobalSection
	GlobalSection(ProjectConfigurationPlatforms) = postSolution
		{A782E57F-E3ED-4F07-9942-26D40802FB2A}.Debug|x64.ActiveCfg = Debug|x64
		{A782E57F-E3ED-4F07-9942-26D40802FB2A}.Debug|x64.Build.0 = Debug|x64
		{A782E57F-E3ED-4F07-9942-26D40802FB2A}.Debug|x86.ActiveCfg = Debug|Win32
		{A782E57F-E3ED-4F07-9942-26D40802FB2A}.Debug|x86.Build.0 = Debug|Win32
		{A782E57F-E3ED-4F07-9942-26D40802FB2A}.Release|x64.ActiveCfg = Release|x64
		{A782E57F-E3ED-4F07-9942-26D40802FB2A}.Release|x64.Build.0 = Release|x64
		{A782E57F-E3ED-4F07-9942-26D40802FB2A}.Release|x86.ActiveCfg = Release|Win32
		{A782E57F-E3ED-4F07-9942-26D40802FB2A}.Release|x86.Build.0 = Release|Win32
		{7C8174CA-376C-42CB-BA31-317064DF6281}.Debug|x64.ActiveCfg = Debug|x64
		{7C8174CA-376C-42CB-BA31-317064DF6281}.Debug|x64.Build.0 = Debug|x64
		{7C8174CA-376C-42CB-BA31-317064DF6281}.Debug|x86.ActiveCfg = Debug|Win32
		{7C8174CA-376C-42CB-BA31-317064DF6281}.Debug|x86.Build.0 = Debug|Win32
		{7C8174CA-376C-42CB-BA31-317064DF6281}.Release|x64.ActiveCfg = Release|x64
		{7C8174CA-376C-42CB-BA31-317064DF6281}.Release|x64.Build.0 = Release|x64
		{7C8174CA-376C-42CB-BA31-317064DF6281}.Release|x86.ActiveCfg = Release|Win32
		{7C8174CA-376C-42CB-BA31-317064DF6281}.Release|x86.Build.0 = Release|Win32
		{872CD1CB-A747-4AB8-B5C8-A22341D3F1E9}.Debug|x64.ActiveCfg = Debug|x64
		{872CD1CB-A747-4AB8-B5C8-A22341D3F1E9}.Debug|x64.Build.0 = Debug|x64
		{872CD1CB-A747-4AB8-B5C8-A22341D3F1E9}.Debug|x86.ActiveCfg = Debug|Win32
		{872CD1CB-A747-4AB8-B5C8-A22341D3F1E9}.Debug|x86.Build.0 = Debug|Win32
		{872CD1CB-A747-4AB8-B5C8-A22341D3F1E9}.Release|x64.ActiveCfg = Release|x64
		{872CD1CB-A747-4AB8-B5C8-A22341D3F1E9}.Release|x64.Build.0 = Release|x64
		{872CD1CB-A747-4AB8-B5C8-A22341D3F1E9}.Release|x86.ActiveCfg = Release|Win32
		{872CD1CB-A747-4AB8-B5C8-A22341D3F1E9}.Release|x86.Build.0 = Release|Win32
	EndGlobalSection
	GlobalSection(SolutionProperties) = preSolution
		HideSolutionNode = FALSE
	EndGlobalSection
EndGlobal
